#MicroXplorer Configuration settings - do not modify
PB13.GPIOParameters=PinAttribute
PH0-OSC_IN\ (PH0).PinAttribute=CortexM7
NVIC2.SysTick_IRQn=true\:0\:0\:false\:false\:true\:false\:true
Dma.I2C1_RX.0.SyncPolarity=HAL_DMAMUX_SYNC_NO_EVENT
Dma.I2C1_TX.1.Mode=DMA_NORMAL
PB14.GPIO_Label=LD3 [Red Led]
RCC.PLLFRACN=0
Dma.I2C1_TX.1.Polarity=HAL_DMAMUX_REQ_GEN_RISING
PD8.Locked=true
RCC.CPU2Freq_Value=64000000
RCC.RTCFreq_Value=32000
RCC.CpuClockFreq_Value=64000000
PC5.Mode=RMII
PB13.Signal=ETH_TXD1
PG13.Signal=ETH_TXD0
PA2.GPIOParameters=PinAttribute
PinOutPanel.RotationAngle=0
RCC.MCO1PinFreq_Value=64000000
PB8.PinAttribute=CortexM7
RCC.AHB4Freq_Value=64000000
Dma.USART3_TX.2.Priority=DMA_PRIORITY_LOW
USART3.VirtualMode-Asynchronous=VM_ASYNC
RCC.LPTIM1Freq_Value=64000000
SH.GPXTI7.ConfNb=1
NVIC1.PendSV_IRQn=true\:0\:0\:false\:false\:true\:false\:false
NVIC2.PendSV_IRQn=true\:0\:0\:false\:false\:true\:false\:false
Dma.USART3_TX.2.RequestNumber=1
NVIC1.SysTick_IRQn=true\:0\:0\:false\:false\:true\:false\:true
RCC.I2C4Freq_Value=64000000
Dma.I2C1_RX.0.PeriphDataAlignment=DMA_PDATAALIGN_BYTE
RCC.DIVQ3Freq_Value=16125000
PD8.Signal=USART3_TX
Dma.USART3_TX.2.Mode=DMA_NORMAL
PE1.Signal=GPIO_Output
PB13.Locked=true
Dma.I2C1_RX.0.SyncRequestNumber=1
NVIC2.UsageFault_IRQn=true\:0\:0\:false\:false\:true\:false\:false
ProjectManager.ProjectBuild=false
PG13.Locked=true
NVIC2.NonMaskableInt_IRQn=true\:0\:0\:false\:false\:true\:false\:false
PA8.Locked=true
Dma.I2C1_RX.0.Mode=DMA_NORMAL
RCC.DIVM1=1
SH.GPXTI7.0=GPIO_EXTI7
ProjectManager.FirmwarePackage=STM32Cube FW_H7 V1.9.1
MxDb.Version=DB.6.0.21
PB0.GPIOParameters=GPIO_Label,PinAttribute
PA1.GPIOParameters=PinAttribute
ProjectManager.BackupPrevious=false
RCC.FMCFreq_Value=64000000
NVIC1.DebugMonitor_IRQn=true\:0\:0\:false\:false\:true\:false\:false
PD8.PinAttribute=CortexM7
PB1.GPIO_Label=PWR_EN_C
RCC.USART16Freq_Value=64000000
VP_SYS_M4_VS_Systick.Mode=SysTick
PA8.Signal=USB_OTG_FS_SOF
CortexM7.Pins=PB1,PD5
PE1.Locked=true
Dma.I2C1_RX.0.Direction=DMA_PERIPH_TO_MEMORY
RCC.DIVR2Freq_Value=16125000
ProjectManager.HalAssertFull=false
RCC.DIVP2Freq_Value=16125000
Dma.USART3_TX.2.SignalID=NONE
Dma.I2C1_TX.1.SyncRequestNumber=1
RCC.MCO2PinFreq_Value=64000000
PA7.PinAttribute=CortexM7
Mcu.Package=LQFP144
PB9.Signal=I2C1_SDA
PB1.Signal=GPIO_Output
Dma.USART3_TX.2.SyncEnable=DISABLE
RCC.PLL3FRACN=0
PG13.GPIOParameters=PinAttribute
PD5.GPIOParameters=PinState,GPIO_Label,PinAttribute
VP_SYS_VS_Systick.Signal=SYS_VS_Systick
USART3.IPParameters=VirtualMode-Asynchronous
RCC.DFSDMFreq_Value=64000000
Dma.USART3_TX.2.SyncSignalID=NONE
PB14.GPIOParameters=GPIO_Label,PinAttribute
Mcu.Context0=CortexM7
Mcu.Context1=CortexM4
PC14-OSC32_IN\ (OSC32_IN).Mode=LSE-External-Oscillator
RCC.TraceFreq_Value=64000000
RCC.APB4Freq_Value=64000000
RCC.CECFreq_Value=32000
RCC.SAI23Freq_Value=48000000
RCC.LPUART1Freq_Value=64000000
USB_OTG_FS.IPParameters=VirtualMode
PB13.Mode=RMII
PD5.Locked=true
PH0-OSC_IN\ (PH0).Mode=HSE-External-Clock-Source
ProjectManager.CustomerFirmwarePackage=
PC4.GPIOParameters=PinAttribute
RCC.SupplySource=PWR_DIRECT_SMPS_SUPPLY
PC4.Mode=RMII
RCC.VCO3OutputFreq_Value=32250000
Dma.I2C1_TX.1.PeriphDataAlignment=DMA_PDATAALIGN_BYTE
Dma.I2C1_TX.1.RequestNumber=1
Dma.I2C1_RX.0.PeriphInc=DMA_PINC_DISABLE
ProjectManager.ProjectFileName=h755_vl53l5cx.ioc
RCC.DIVQ1=4
PD9.GPIO_Label=STLINK_TX
Mcu.PinsNb=31
PA1.PinAttribute=CortexM7
PC14-OSC32_IN\ (OSC32_IN).GPIOParameters=PinAttribute
PC13.Locked=true
PC13.Signal=GPIO_Input
RCC.SWPMI1Freq_Value=64000000
PB14.Locked=true
RCC.QSPIFreq_Value=64000000
PA9.PinAttribute=CortexM7
RCC.PWR_Regulator_Voltage_Scale=PWR_REGULATOR_VOLTAGE_SCALE2
PG13.PinAttribute=CortexM7
ETH.IPParameters=MediaInterface
Dma.USART3_TX.2.PeriphInc=DMA_PINC_DISABLE
PD10.Signal=GPIO_Output
RCC.D1CPREFreq_Value=64000000
RCC.USART234578Freq_Value=64000000
PA11.Locked=true
RCC.Tim1OutputFreq_Value=64000000
PA12.PinAttribute=CortexM7
RCC.SPI123Freq_Value=48000000
PC15-OSC32_OUT\ (OSC32_OUT).Locked=true
PA2.PinAttribute=CortexM7
NVIC2.ForceEnableDMAVector=true
PA9.Signal=USB_OTG_FS_VBUS
Dma.I2C1_RX.0.MemInc=DMA_MINC_ENABLE
RCC.DIVN1=24
PB9.Locked=true
PD8.Mode=Asynchronous
Dma.I2C1_TX.1.SyncPolarity=HAL_DMAMUX_SYNC_NO_EVENT
PB14.Signal=GPIO_Output
Dma.USART3_TX.2.SyncRequestNumber=1
PG11.PinAttribute=CortexM7
PE1.GPIO_Label=LD2 [Yellow Led]
Dma.I2C1_TX.1.Priority=DMA_PRIORITY_LOW
ProjectManager.LastFirmware=true
PB9.PinAttribute=CortexM7
PB1.PinAttribute=CortexM7
NVIC2.BusFault_IRQn=true\:0\:0\:false\:false\:true\:false\:false
RCC.AHB12Freq_Value=64000000
PA1.Mode=RMII
PA11.PinAttribute=CortexM7
PG7.GPIO_Label=USB_OTG_FS_OVCR
Dma.I2C1_TX.1.MemInc=DMA_MINC_ENABLE
RCC.RNGFreq_Value=48000000
Mcu.Pin30=VP_SYS_M4_VS_Systick
Dma.I2C1_TX.1.SignalID=NONE
PA9.Locked=true
PE1.PinAttribute=Free
ProjectManager.FreePins=false
RCC.LPTIM2Freq_Value=64000000
Mcu.Pin26=PB8
Mcu.Pin27=PB9
Mcu.Pin24=PG11
ProjectManager.UnderRoot=true
Mcu.Pin25=PG13
Mcu.Pin28=PE1
Mcu.Pin29=VP_SYS_VS_Systick
VP_SYS_M4_VS_Systick.Signal=SYS_M4_VS_Systick
ETH.MediaInterface=HAL_ETH_RMII_MODE
Mcu.Pin22=PA12
PA8.PinAttribute=CortexM7
Mcu.Pin23=PD5
Mcu.Pin20=PA9
Mcu.Pin21=PA11
PD10.Locked=true
Dma.I2C1_TX.1.SyncSignalID=NONE
Dma.USART3_TX.2.FIFOMode=DMA_FIFOMODE_DISABLE
ProjectManager.CompilerOptimize=6
PG11.Mode=RMII
PA11.Signal=USB_OTG_FS_DM
Dma.I2C1_TX.1.EventEnable=DISABLE
ProjectManager.HeapSize=0x200
Mcu.Pin15=PD8
PB1.ContextOwner=CortexM7
Dma.I2C1_RX.0.RequestParameters=Instance,Direction,PeriphInc,MemInc,PeriphDataAlignment,MemDataAlignment,Mode,Priority,FIFOMode,SignalID,Polarity,RequestNumber,SyncSignalID,SyncPolarity,SyncEnable,EventEnable,SyncRequestNumber
Mcu.Pin16=PD9
Mcu.Pin13=PB13
Mcu.Pin14=PB14
PD9.PinAttribute=CortexM7
Mcu.Pin19=PA8
RCC.LPTIM345Freq_Value=64000000
ProjectManager.ComputerToolchain=false
Mcu.Pin17=PD10
NVIC1.DMA1_Stream0_IRQn=true\:0\:0\:false\:false\:true\:false\:true
Mcu.Pin18=PG7
RCC.LTDCFreq_Value=16125000
Dma.USART3_TX.2.Instance=DMA1_Stream2
Mcu.Pin11=PB0
Mcu.Pin12=PB1
PB8.Mode=I2C
Mcu.Pin10=PC5
PA8.Mode=Activate_SOF_FS
Dma.I2C1_RX.0.EventEnable=DISABLE
RCC.HCLK3ClockFreq_Value=64000000
PC1.PinAttribute=CortexM7
NVIC1.BusFault_IRQn=true\:0\:0\:false\:false\:true\:false\:false
PB0.Signal=GPIO_Output
Mcu.ContextNb=2
PA7.GPIOParameters=PinAttribute
RCC.CPU2SystikFreq_Value=64000000
PC1.Signal=ETH_MDC
PG7.GPIOParameters=GPIO_Label,PinAttribute
PC1.Mode=RMII
Mcu.Family=STM32H7
Dma.USART3_TX.2.SyncPolarity=HAL_DMAMUX_SYNC_NO_EVENT
RCC.DIVQ2Freq_Value=16125000
ProjectManager.MainLocation=Core/Src
RCC.SAI1Freq_Value=48000000
RCC.CortexFreq_Value=64000000
PG7.PinAttribute=Free
Dma.I2C1_TX.1.RequestParameters=Instance,Direction,PeriphInc,MemInc,PeriphDataAlignment,MemDataAlignment,Mode,Priority,FIFOMode,SignalID,Polarity,RequestNumber,SyncSignalID,SyncPolarity,SyncEnable,EventEnable,SyncRequestNumber
ProjectManager.KeepUserCode=true
Mcu.UserName=STM32H755ZITx
PD9.GPIOParameters=GPIO_Label,PinAttribute
PH0-OSC_IN\ (PH0).Signal=RCC_OSC_IN
PH0-OSC_IN\ (PH0).Locked=true
PC15-OSC32_OUT\ (OSC32_OUT).Mode=LSE-External-Oscillator
PC5.Locked=true
PA12.GPIOParameters=PinAttribute
ProjectManager.functionlistsort=1-MX_GPIO_Init-GPIO-false-HAL-true-CortexM7,2-MX_DMA_Init-DMA-false-HAL-true-CortexM7,3-SystemClock_Config-RCC-false-HAL-false-CortexM7,4-MX_ETH_Init-ETH-false-HAL-true-CortexM7,5-MX_USART3_UART_Init-USART3-false-HAL-true-CortexM7,6-MX_USB_OTG_FS_PCD_Init-USB_OTG_FS-false-HAL-true-CortexM7,7-MX_I2C1_Init-I2C1-false-HAL-true-CortexM7,1-MX_DMA_Init-DMA-false-HAL-true-CortexM4,2-MX_ETH_Init-ETH-true-HAL-false-CortexM4,3-MX_USART3_UART_Init-USART3-true-HAL-false-CortexM4,4-MX_I2C1_Init-I2C1-true-HAL-false-CortexM4,0-MX_CORTEX_M7_Init-CORTEX_M7-false-HAL-true-CortexM7,0-MX_CORTEX_M4_Init-CORTEX_M4-false-HAL-true-CortexM4
PA9.GPIOParameters=PinAttribute
PA11.GPIOParameters=PinAttribute
PA11.Mode=Device_Only
NVIC1.I2C1_EV_IRQn=true\:0\:0\:false\:false\:true\:true\:true
PB0.GPIO_Label=LD1 [Green Led]
RCC.PLL2FRACN=0
RCC.VCO2OutputFreq_Value=32250000
PC13.GPIO_Label=B1 [Blue PushButton]
PC1.Locked=true
PD9.Mode=Asynchronous
PG11.Signal=ETH_TX_EN
ProjectManager.StackSize=0x400
Dma.I2C1_RX.0.SignalID=NONE
RCC.VCOInput3Freq_Value=250000
Dma.I2C1_TX.1.Direction=DMA_MEMORY_TO_PERIPH
Dma.USART3_TX.2.EventEnable=DISABLE
Mcu.IP4=I2C1
Mcu.IP5=NVIC1
Mcu.IP2=DMA
Mcu.IP3=ETH
Mcu.IP0=CORTEX_M4
Mcu.IP1=CORTEX_M7
PA12.Locked=true
PA12.Signal=USB_OTG_FS_DP
Mcu.UserConstants=
PC1.GPIOParameters=PinAttribute
RCC.DIVP3Freq_Value=16125000
RCC.SDMMCFreq_Value=48000000
Mcu.ThirdPartyNb=0
NVIC1.I2C1_ER_IRQn=true\:0\:0\:false\:false\:true\:true\:true
RCC.HCLKFreq_Value=64000000
Mcu.IPNb=12
ProjectManager.PreviousToolchain=
RCC.SPDIFRXFreq_Value=48000000
Dma.I2C1_TX.1.PeriphInc=DMA_PINC_DISABLE
PD8.GPIOParameters=GPIO_Label,PinAttribute
PA8.GPIOParameters=PinAttribute
Mcu.Pin6=PA1
Mcu.Pin7=PA2
Mcu.Pin8=PA7
Mcu.Pin9=PC4
Mcu.Pin0=PC13
Mcu.Pin1=PC14-OSC32_IN (OSC32_IN)
Dma.I2C1_RX.0.Priority=DMA_PRIORITY_LOW
Mcu.Pin2=PC15-OSC32_OUT (OSC32_OUT)
RCC.HRTIMFreq_Value=64000000
Mcu.Pin3=PH0-OSC_IN (PH0)
Mcu.Pin4=PH1-OSC_OUT (PH1)
PB0.PinAttribute=Free
PD10.GPIOParameters=GPIO_Label,PinAttribute
Mcu.Pin5=PC1
RCC.DIVR3Freq_Value=16125000
RCC.HSE_VALUE=8000000
Mcu.IP10=USART3
Mcu.IP11=USB_OTG_FS
NVIC2.PriorityGroup=NVIC_PRIORITYGROUP_4
RCC.DIVP1Freq_Value=96000000
File.Version=6
PB8.Locked=true
PG13.Mode=RMII
NVIC1.MemoryManagement_IRQn=true\:0\:0\:false\:false\:true\:false\:false
Dma.USART3_TX.2.Polarity=HAL_DMAMUX_REQ_GEN_RISING
CortexM7.IPs=FATFS_M7\:I,FREERTOS_M7\:I,IWDG1\:I,RCC\:I,WWDG1\:I,DMA\:I,BDMA\:I,MDMA\:I,NVIC1\:I,ETH\:I,USART3\:I,USB_OTG_FS\:I,SYS\:I,CORTEX_M7\:I,DEBUG\:I,USB_DEVICE_M7\:I,USB_HOST_M7\:I,PDM2PCM_M7\:I,PWR\:I,RESMGR_UTILITY\:I,OPENAMP_M7\:I,VREFBUF\:I,I2C1\:I
PD10.PinAttribute=Free
Dma.RequestsNb=3
NVIC1.DMA1_Stream2_IRQn=true\:0\:0\:false\:false\:true\:false\:true
PB0.Locked=true
ProjectManager.ProjectName=h755_vl53l5cx
RCC.APB3Freq_Value=64000000
PB1.PinState=GPIO_PIN_SET
PA7.Locked=true
PG11.Locked=true
PD5.GPIO_Label=LPn_C
ProjectManager.ToolChainLocation=
USB_OTG_FS.VirtualMode=Device_Only
RCC.DIVR1Freq_Value=96000000
Dma.I2C1_RX.0.SyncSignalID=NONE
Dma.Request2=USART3_TX
Dma.Request1=I2C1_TX
PC4.Locked=true
PC5.Signal=ETH_RXD1
Dma.Request0=I2C1_RX
Dma.I2C1_TX.1.SyncEnable=DISABLE
RCC.Tim2OutputFreq_Value=64000000
RCC.DFSDMACLkFreq_Value=48000000
PH1-OSC_OUT\ (PH1).PinAttribute=CortexM7
PA2.Locked=true
PB14.PinAttribute=Free
NVIC1.HardFault_IRQn=true\:0\:0\:false\:false\:true\:false\:false
Dma.I2C1_RX.0.MemDataAlignment=DMA_MDATAALIGN_BYTE
Dma.USART3_TX.2.PeriphDataAlignment=DMA_PDATAALIGN_BYTE
PG7.Locked=true
PB8.GPIOParameters=PinAttribute
PA7.Mode=RMII
PG7.Signal=GPXTI7
ProjectManager.NoMain=false
Dma.USART3_TX.2.MemInc=DMA_MINC_ENABLE
RCC.SAI4BFreq_Value=48000000
Dma.I2C1_RX.0.SyncEnable=DISABLE
PC4.Signal=ETH_RXD0
NVIC1.PriorityGroup=NVIC_PRIORITYGROUP_4
ProjectManager.DefaultFWLocation=true
PD9.Signal=USART3_RX
PD5.Signal=GPIO_Output
ProjectManager.DeletePrevious=true
Dma.I2C1_RX.0.Polarity=HAL_DMAMUX_REQ_GEN_RISING
boardIOC=true
RCC.FamilyName=M
PH1-OSC_OUT\ (PH1).Signal=RCC_OSC_OUT
PB13.PinAttribute=CortexM7
PB9.GPIOParameters=PinAttribute
PD8.GPIO_Label=STLINK_RX
PC14-OSC32_IN\ (OSC32_IN).Locked=true
NVIC1.DMA1_Stream1_IRQn=true\:0\:0\:false\:false\:true\:false\:true
RCC.SPI6Freq_Value=64000000
PA9.Mode=Activate_VBUS
RCC.SPI45Freq_Value=64000000
NVIC1.SVCall_IRQn=true\:0\:0\:false\:false\:true\:false\:false
PH1-OSC_OUT\ (PH1).GPIOParameters=PinAttribute
NVIC1.NonMaskableInt_IRQn=true\:0\:0\:false\:false\:true\:false\:false
ProjectManager.TargetToolchain=STM32CubeIDE
PC15-OSC32_OUT\ (OSC32_OUT).Signal=RCC_OSC32_OUT
RCC.VCO1OutputFreq_Value=192000000
PC14-OSC32_IN\ (OSC32_IN).PinAttribute=CortexM7
NVIC2.SVCall_IRQn=true\:0\:0\:false\:false\:true\:false\:false
PC5.GPIOParameters=PinAttribute
PB9.Mode=I2C
Dma.USART3_TX.2.Direction=DMA_MEMORY_TO_PERIPH
RCC.AXIClockFreq_Value=64000000
NVIC1.ForceEnableDMAVector=true
Dma.I2C1_TX.1.Instance=DMA1_Stream1
PC15-OSC32_OUT\ (OSC32_OUT).GPIOParameters=PinAttribute
PC4.PinAttribute=CortexM7
ProjectManager.RegisterCallBack=
RCC.USBFreq_Value=48000000
PD10.GPIO_Label=USB_OTG_FS_PWR_EN
PA1.Signal=ETH_REF_CLK
RCC.CKPERFreq_Value=64000000
PB1.Locked=true
NVIC1.USART3_IRQn=true\:0\:0\:false\:false\:true\:true\:true
ProjectManager.BootMode=boot0
PH1-OSC_OUT\ (PH1).Locked=true
board=NUCLEO-H755ZI-Q
Dma.I2C1_RX.0.RequestNumber=1
Dma.I2C1_TX.1.FIFOMode=DMA_FIFOMODE_DISABLE
Dma.USART3_TX.2.MemDataAlignment=DMA_MDATAALIGN_BYTE
RCC.VCOInput1Freq_Value=8000000
RCC.APB2Freq_Value=64000000
NVIC1.UsageFault_IRQn=true\:0\:0\:false\:false\:true\:false\:false
MxCube.Version=6.2.1
PC13.GPIOParameters=GPIO_Label,PinAttribute
RCC.FDCANFreq_Value=48000000
RCC.ADCFreq_Value=16125000
VP_SYS_VS_Systick.Mode=SysTick
PD5.ContextOwner=CortexM7
Dma.I2C1_TX.1.MemDataAlignment=DMA_MDATAALIGN_BYTE
PD5.PinState=GPIO_PIN_SET
RCC.IPParameters=ADCFreq_Value,AHB12Freq_Value,AHB4Freq_Value,APB1Freq_Value,APB2Freq_Value,APB3Freq_Value,APB4Freq_Value,AXIClockFreq_Value,CECFreq_Value,CKPERFreq_Value,CPU2Freq_Value,CPU2SystikFreq_Value,CortexFreq_Value,CpuClockFreq_Value,D1CPREFreq_Value,DFSDMACLkFreq_Value,DFSDMFreq_Value,DIVM1,DIVN1,DIVP1Freq_Value,DIVP2Freq_Value,DIVP3Freq_Value,DIVQ1,DIVQ1Freq_Value,DIVQ2Freq_Value,DIVQ3Freq_Value,DIVR1Freq_Value,DIVR2Freq_Value,DIVR3Freq_Value,FDCANFreq_Value,FMCFreq_Value,FamilyName,HCLK3ClockFreq_Value,HCLKFreq_Value,HRTIMFreq_Value,HSE_VALUE,I2C123Freq_Value,I2C4Freq_Value,LPTIM1Freq_Value,LPTIM2Freq_Value,LPTIM345Freq_Value,LPUART1Freq_Value,LTDCFreq_Value,MCO1PinFreq_Value,MCO2PinFreq_Value,PLL2FRACN,PLL3FRACN,PLLFRACN,PWR_Regulator_Voltage_Scale,QSPIFreq_Value,RNGFreq_Value,RTCFreq_Value,SAI1Freq_Value,SAI23Freq_Value,SAI4AFreq_Value,SAI4BFreq_Value,SDMMCFreq_Value,SPDIFRXFreq_Value,SPI123Freq_Value,SPI45Freq_Value,SPI6Freq_Value,SWPMI1Freq_Value,SYSCLKFreq_VALUE,SupplySource,Tim1OutputFreq_Value,Tim2OutputFreq_Value,TraceFreq_Value,USART16Freq_Value,USART234578Freq_Value,USBFreq_Value,VCO1OutputFreq_Value,VCO2OutputFreq_Value,VCO3OutputFreq_Value,VCOInput1Freq_Value,VCOInput2Freq_Value,VCOInput3Freq_Value
ProjectManager.AskForMigrate=true
Mcu.Name=STM32H755ZITx
PA2.Signal=ETH_MDIO
Mcu.IP8=SYS
PC13.PinAttribute=Free
Mcu.IP9=SYS_M4
Mcu.IP6=NVIC2
Mcu.IP7=RCC
ProjectManager.CoupleFile=false
RCC.SYSCLKFreq_VALUE=64000000
RCC.I2C123Freq_Value=64000000
PA1.Locked=true
PA12.Mode=Device_Only
KeepUserPlacement=false
PC14-OSC32_IN\ (OSC32_IN).Signal=RCC_OSC32_IN
Dma.USART3_TX.2.RequestParameters=Instance,Direction,PeriphInc,MemInc,PeriphDataAlignment,MemDataAlignment,Mode,Priority,FIFOMode,SignalID,Polarity,RequestNumber,SyncSignalID,SyncPolarity,SyncEnable,EventEnable,SyncRequestNumber
Dma.I2C1_RX.0.FIFOMode=DMA_FIFOMODE_DISABLE
NVIC2.MemoryManagement_IRQn=true\:0\:0\:false\:false\:true\:false\:false
PD5.PinAttribute=CortexM7
NVIC2.DebugMonitor_IRQn=true\:0\:0\:false\:false\:true\:false\:false
RCC.SAI4AFreq_Value=48000000
PC15-OSC32_OUT\ (OSC32_OUT).PinAttribute=CortexM7
RCC.DIVQ1Freq_Value=48000000
PA2.Mode=RMII
PC5.PinAttribute=CortexM7
PB8.Signal=I2C1_SCL
RCC.VCOInput2Freq_Value=250000
PD9.Locked=true
RCC.APB1Freq_Value=64000000
Dma.I2C1_RX.0.Instance=DMA1_Stream0
NVIC2.HardFault_IRQn=true\:0\:0\:false\:false\:true\:false\:false
ProjectManager.DeviceId=STM32H755ZITx
ProjectManager.LibraryCopy=1
PG11.GPIOParameters=PinAttribute
PE1.GPIOParameters=GPIO_Label,PinAttribute
PB1.GPIOParameters=PinState,GPIO_Label,PinAttribute
PH0-OSC_IN\ (PH0).GPIOParameters=PinAttribute
PA7.Signal=ETH_CRS_DV
CortexM4.IPs=FATFS_M4\:I,FREERTOS_M4\:I,IWDG2\:I,RCC,WWDG2\:I,DMA,BDMA,MDMA,NVIC2\:I,ETH,USART3,DEBUG,USB_DEVICE_M4\:I,USB_HOST_M4\:I,PDM2PCM_M4\:I,PWR,RESMGR_UTILITY,SYS_M4\:I,CORTEX_M4\:I,OPENAMP_M4\:I,VREFBUF,I2C1
isbadioc=false
